
Microsoft Visual Studio Solution File, Format Version 12.00
# Visual Studio Version 17
VisualStudioVersion = 17.9.34728.123
MinimumVisualStudioVersion = 10.0.40219.1
Project("{FAE04EC0-301F-11D3-BF4B-00C04F79EFBC}") = "csharp-cibi-preferiti", "csharp-cibi-preferiti.csproj", "{66292EB8-3319-4D91-A73D-AC825460D32B}"
EndProject
Global
	GlobalSection(SolutionConfigurationPlatforms) = preSolution
		Debug|Any CPU = Debug|Any CPU
		Release|Any CPU = Release|Any CPU
	EndGlobalSection
	GlobalSection(ProjectConfigurationPlatforms) = postSolution
		{66292EB8-3319-4D91-A73D-AC825460D32B}.Debug|Any CPU.ActiveCfg = Debug|Any CPU
		{66292EB8-3319-4D91-A73D-AC825460D32B}.Debug|Any CPU.Build.0 = Debug|Any CPU
		{66292EB8-3319-4D91-A73D-AC825460D32B}.Release|Any CPU.ActiveCfg = Release|Any CPU
		{66292EB8-3319-4D91-A73D-AC825460D32B}.Release|Any CPU.Build.0 = Release|Any CPU
	EndGlobalSection
	GlobalSection(SolutionProperties) = preSolution
		HideSolutionNode = FALSE
	EndGlobalSection
	GlobalSection(ExtensibilityGlobals) = postSolution
		SolutionGuid = {A54CC3AA-F637-4663-947E-87DC068C7221}
	EndGlobalSection
EndGlobal
